
Microsoft Visual Studio Solution File, Format Version 12.00
# Visual Studio Version 16
VisualStudioVersion = 16.0.28803.202
MinimumVisualStudioVersion = 10.0.40219.1
Project("{8BC9CEB8-8B4A-11D0-8D11-00A0C91BC942}") = "DirectX11-Application", "DirectX11-Application.vcxproj", "{EBFE972B-62CC-416C-8287-36C6E215CEB7}"
EndProject
Global
	GlobalSection(SolutionConfigurationPlatforms) = preSolution
		Debug|x64 = Debug|x64
		Debug|x86 = Debug|x86
		Release|x64 = Release|x64
		Release|x86 = Release|x86
	EndGlobalSection
	GlobalSection(ProjectConfigurationPlatforms) = postSolution
		{EBFE972B-62CC-416C-8287-36C6E215CEB7}.Debug|x64.ActiveCfg = Debug|x64
		{EBFE972B-62CC-416C-8287-36C6E215CEB7}.Debug|x64.Build.0 = Debug|x64
		{EBFE972B-62CC-416C-8287-36C6E215CEB7}.Debug|x86.ActiveCfg = Debug|Win32
		{EBFE972B-62CC-416C-8287-36C6E215CEB7}.Debug|x86.Build.0 = Debug|Win32
		{EBFE972B-62CC-416C-8287-36C6E215CEB7}.Release|x64.ActiveCfg = Release|x64
		{EBFE972B-62CC-416C-8287-36C6E215CEB7}.Release|x64.Build.0 = Release|x64
		{EBFE972B-62CC-416C-8287-36C6E215CEB7}.Release|x86.ActiveCfg = Release|Win32
		{EBFE972B-62CC-416C-8287-36C6E215CEB7}.Release|x86.Build.0 = Release|Win32
	EndGlobalSection
	GlobalSection(SolutionProperties) = preSolution
		HideSolutionNode = FALSE
	EndGlobalSection
	GlobalSection(ExtensibilityGlobals) = postSolution
		SolutionGuid = {0B9A1996-9B88-4FBB-BF82-B91AF8411E56}
	EndGlobalSection
EndGlobal
